// !$*UTF8*$!
{
	archiveVersion = 1;
	classes = {
	};
	objectVersion = 50;
	objects = {

/* Begin PBXBuildFile section */
		2474EF1324BD9B5100B2A3CE /* AppDelegate.swift in Sources */ = {isa = PBXBuildFile; fileRef = 2474EF1224BD9B5100B2A3CE /* AppDelegate.swift */; };
		2474EF1524BD9B5100B2A3CE /* SceneDelegate.swift in Sources */ = {isa = PBXBuildFile; fileRef = 2474EF1424BD9B5100B2A3CE /* SceneDelegate.swift */; };
		2474EF1724BD9B5100B2A3CE /* ViewController.swift in Sources */ = {isa = PBXBuildFile; fileRef = 2474EF1624BD9B5100B2A3CE /* ViewController.swift */; };
		2474EF1A24BD9B5100B2A3CE /* Main.storyboard in Resources */ = {isa = PBXBuildFile; fileRef = 2474EF1824BD9B5100B2A3CE /* Main.storyboard */; };
		2474EF1C24BD9B5300B2A3CE /* Assets.xcassets in Resources */ = {isa = PBXBuildFile; fileRef = 2474EF1B24BD9B5300B2A3CE /* Assets.xcassets */; };
		2474EF1F24BD9B5300B2A3CE /* LaunchScreen.storyboard in Resources */ = {isa = PBXBuildFile; fileRef = 2474EF1D24BD9B5300B2A3CE /* LaunchScreen.storyboard */; };
		24C12D8D24C6CFF50038E63B /* GopherViewController.swift in Sources */ = {isa = PBXBuildFile; fileRef = 24C12D8C24C6CFF50038E63B /* GopherViewController.swift */; };
		24C12D8F24D126BE0038E63B /* MineViewController.swift in Sources */ = {isa = PBXBuildFile; fileRef = 24C12D8E24D126BE0038E63B /* MineViewController.swift */; };
		24C12D9124D402A20038E63B /* TicTacToeViewController.swift in Sources */ = {isa = PBXBuildFile; fileRef = 24C12D9024D402A20038E63B /* TicTacToeViewController.swift */; };
/* End PBXBuildFile section */

/* Begin PBXFileReference section */
		2474EF0F24BD9B5100B2A3CE /* SmallGames.app */ = {isa = PBXFileReference; explicitFileType = wrapper.application; includeInIndex = 0; path = SmallGames.app; sourceTree = BUILT_PRODUCTS_DIR; };
		2474EF1224BD9B5100B2A3CE /* AppDelegate.swift */ = {isa = PBXFileReference; lastKnownFileType = sourcecode.swift; path = AppDelegate.swift; sourceTree = "<group>"; };
		2474EF1424BD9B5100B2A3CE /* SceneDelegate.swift */ = {isa = PBXFileReference; lastKnownFileType = sourcecode.swift; path = SceneDelegate.swift; sourceTree = "<group>"; };
		2474EF1624BD9B5100B2A3CE /* ViewController.swift */ = {isa = PBXFileReference; lastKnownFileType = sourcecode.swift; path = ViewController.swift; sourceTree = "<group>"; };
		2474EF1924BD9B5100B2A3CE /* Base */ = {isa = PBXFileReference; lastKnownFileType = file.storyboard; name = Base; path = Base.lproj/Main.storyboard; sourceTree = "<group>"; };
		2474EF1B24BD9B5300B2A3CE /* Assets.xcassets */ = {isa = PBXFileReference; lastKnownFileType = folder.assetcatalog; path = Assets.xcassets; sourceTree = "<group>"; };
		2474EF1E24BD9B5300B2A3CE /* Base */ = {isa = PBXFileReference; lastKnownFileType = file.storyboard; name = Base; path = Base.lproj/LaunchScreen.storyboard; sourceTree = "<group>"; };
		2474EF2024BD9B5300B2A3CE /* Info.plist */ = {isa = PBXFileReference; lastKnownFileType = text.plist.xml; path = Info.plist; sourceTree = "<group>"; };
		24C12D8C24C6CFF50038E63B /* GopherViewController.swift */ = {isa = PBXFileReference; lastKnownFileType = sourcecode.swift; path = GopherViewController.swift; sourceTree = "<group>"; };
		24C12D8E24D126BE0038E63B /* MineViewController.swift */ = {isa = PBXFileReference; lastKnownFileType = sourcecode.swift; path = MineViewController.swift; sourceTree = "<group>"; };
		24C12D9024D402A20038E63B /* TicTacToeViewController.swift */ = {isa = PBXFileReference; lastKnownFileType = sourcecode.swift; path = TicTacToeViewController.swift; sourceTree = "<group>"; };
/* End PBXFileReference section */

/* Begin PBXFrameworksBuildPhase section */
		2474EF0C24BD9B5100B2A3CE /* Frameworks */ = {
			isa = PBXFrameworksBuildPhase;
			buildActionMask = 2147483647;
			files = (
			);
			runOnlyForDeploymentPostprocessing = 0;
		};
/* End PBXFrameworksBuildPhase section */

/* Begin PBXGroup section */
		2474EF0624BD9B5100B2A3CE = {
			isa = PBXGroup;
			children = (
				2474EF1124BD9B5100B2A3CE /* SmallGames */,
				2474EF1024BD9B5100B2A3CE /* Products */,
			);
			sourceTree = "<group>";
		};
		2474EF1024BD9B5100B2A3CE /* Products */ = {
			isa = PBXGroup;
			children = (
				2474EF0F24BD9B5100B2A3CE /* SmallGames.app */,
			);
			name = Products;
			sourceTree = "<group>";
		};
		2474EF1124BD9B5100B2A3CE /* SmallGames */ = {
			isa = PBXGroup;
			children = (
				2474EF1224BD9B5100B2A3CE /* AppDelegate.swift */,
				2474EF1424BD9B5100B2A3CE /* SceneDelegate.swift */,
				2474EF1624BD9B5100B2A3CE /* ViewController.swift */,
				24C12D8C24C6CFF50038E63B /* GopherViewController.swift */,
				24C12D8E24D126BE0038E63B /* MineViewController.swift */,
				24C12D9024D402A20038E63B /* TicTacToeViewController.swift */,
				2474EF1824BD9B5100B2A3CE /* Main.storyboard */,
				2474EF1B24BD9B5300B2A3CE /* Assets.xcassets */,
				2474EF1D24BD9B5300B2A3CE /* LaunchScreen.storyboard */,
				2474EF2024BD9B5300B2A3CE /* Info.plist */,
			);
			path = SmallGames;
			sourceTree = "<group>";
		};
/* End PBXGroup section */

/* Begin PBXNativeTarget section */
		2474EF0E24BD9B5100B2A3CE /* SmallGames */ = {
			isa = PBXNativeTarget;
			buildConfigurationList = 2474EF2324BD9B5300B2A3CE /* Build configuration list for PBXNativeTarget "SmallGames" */;
			buildPhases = (
				2474EF0B24BD9B5100B2A3CE /* Sources */,
				2474EF0C24BD9B5100B2A3CE /* Frameworks */,
				2474EF0D24BD9B5100B2A3CE /* Resources */,
			);
			buildRules = (
			);
			dependencies = (
			);
			name = SmallGames;
			productName = SmallGames;
			productReference = 2474EF0F24BD9B5100B2A3CE /* SmallGames.app */;
			productType = "com.apple.product-type.application";
		};
/* End PBXNativeTarget section */

/* Begin PBXProject section */
		2474EF0724BD9B5100B2A3CE /* Project object */ = {
			isa = PBXProject;
			attributes = {
				LastSwiftUpdateCheck = 1140;
				LastUpgradeCheck = 1140;
				ORGANIZATIONNAME = table;
				TargetAttributes = {
					2474EF0E24BD9B5100B2A3CE = {
						CreatedOnToolsVersion = 11.4.1;
					};
				};
			};
			buildConfigurationList = 2474EF0A24BD9B5100B2A3CE /* Build configuration list for PBXProject "SmallGames" */;
			compatibilityVersion = "Xcode 9.3";
			developmentRegion = en;
			hasScannedForEncodings = 0;
			knownRegions = (
				en,
				Base,
			);
			mainGroup = 2474EF0624BD9B5100B2A3CE;
			productRefGroup = 2474EF1024BD9B5100B2A3CE /* Products */;
			projectDirPath = "";
			projectRoot = "";
			targets = (
				2474EF0E24BD9B5100B2A3CE /* SmallGames */,
			);
		};
/* End PBXProject section */

/* Begin PBXResourcesBuildPhase section */
		2474EF0D24BD9B5100B2A3CE /* Resources */ = {
			isa = PBXResourcesBuildPhase;
			buildActionMask = 2147483647;
			files = (
				2474EF1F24BD9B5300B2A3CE /* LaunchScreen.storyboard in Resources */,
				2474EF1C24BD9B5300B2A3CE /* Assets.xcassets in Resources */,
				2474EF1A24BD9B5100B2A3CE /* Main.storyboard in Resources */,
			);
			runOnlyForDeploymentPostprocessing = 0;
		};
/* End PBXResourcesBuildPhase section */

/* Begin PBXSourcesBuildPhase section */
		2474EF0B24BD9B5100B2A3CE /* Sources */ = {
			isa = PBXSourcesBuildPhase;
			buildActionMask = 2147483647;
			files = (
				2474EF1724BD9B5100B2A3CE /* ViewController.swift in Sources */,
				24C12D8D24C6CFF50038E63B /* GopherViewController.swift in Sources */,
				2474EF1324BD9B5100B2A3CE /* AppDelegate.swift in Sources */,
				24C12D9124D402A20038E63B /* TicTacToeViewController.swift in Sources */,
				2474EF1524BD9B5100B2A3CE /* SceneDelegate.swift in Sources */,
				24C12D8F24D126BE0038E63B /* MineViewController.swift in Sources */,
			);
			runOnlyForDeploymentPostprocessing = 0;
		};
/* End PBXSourcesBuildPhase section */

/* Begin PBXVariantGroup section */
		2474EF1824BD9B5100B2A3CE /* Main.storyboard */ = {
			isa = PBXVariantGroup;
			children = (
				2474EF1924BD9B5100B2A3CE /* Base */,
			);
			name = Main.storyboard;
			sourceTree = "<group>";
		};
		2474EF1D24BD9B5300B2A3CE /* LaunchScreen.storyboard */ = {
			isa = PBXVariantGroup;
			children = (
				2474EF1E24BD9B5300B2A3CE /* Base */,
			);
			name = LaunchScreen.storyboard;
			sourceTree = "<group>";
		};
/* End PBXVariantGroup section */

/* Begin XCBuildConfiguration section */
		2474EF2124BD9B5300B2A3CE /* Debug */ = {
			isa = XCBuildConfiguration;
			buildSettings = {
				ALWAYS_SEARCH_USER_PATHS = NO;
				CLANG_ANALYZER_NONNULL = YES;
				CLANG_ANALYZER_NUMBER_OBJECT_CONVERSION = YES_AGGRESSIVE;
				CLANG_CXX_LANGUAGE_STANDARD = "gnu++14";
				CLANG_CXX_LIBRARY = "libc++";
				CLANG_ENABLE_MODULES = YES;
				CLANG_ENABLE_OBJC_ARC = YES;
				CLANG_ENABLE_OBJC_WEAK = YES;
				CLANG_WARN_BLOCK_CAPTURE_AUTORELEASING = YES;
				CLANG_WARN_BOOL_CONVERSION = YES;
				CLANG_WARN_COMMA = YES;
				CLANG_WARN_CONSTANT_CONVERSION = YES;
				CLANG_WARN_DEPRECATED_OBJC_IMPLEMENTATIONS = YES;
				CLANG_WARN_DIRECT_OBJC_ISA_USAGE = YES_ERROR;
				CLANG_WARN_DOCUMENTATION_COMMENTS = YES;
				CLANG_WARN_EMPTY_BODY = YES;
				CLANG_WARN_ENUM_CONVERSION = YES;
				CLANG_WARN_INFINITE_RECURSION = YES;
				CLANG_WARN_INT_CONVERSION = YES;
				CLANG_WARN_NON_LITERAL_NULL_CONVERSION = YES;
				CLANG_WARN_OBJC_IMPLICIT_RETAIN_SELF = YES;
				CLANG_WARN_OBJC_LITERAL_CONVERSION = YES;
				CLANG_WARN_OBJC_ROOT_CLASS = YES_ERROR;
				CLANG_WARN_RANGE_LOOP_ANALYSIS = YES;
				CLANG_WARN_STRICT_PROTOTYPES = YES;
				CLANG_WARN_SUSPICIOUS_MOVE = YES;
				CLANG_WARN_UNGUARDED_AVAILABILITY = YES_AGGRESSIVE;
				CLANG_WARN_UNREACHABLE_CODE = YES;
				CLANG_WARN__DUPLICATE_METHOD_MATCH = YES;
				COPY_PHASE_STRIP = NO;
				DEBUG_INFORMATION_FORMAT = dwarf;
				ENABLE_STRICT_OBJC_MSGSEND = YES;
				ENABLE_TESTABILITY = YES;
				GCC_C_LANGUAGE_STANDARD = gnu11;
				GCC_DYNAMIC_NO_PIC = NO;
				GCC_NO_COMMON_BLOCKS = YES;
				GCC_OPTIMIZATION_LEVEL = 0;
				GCC_PREPROCESSOR_DEFINITIONS = (
					"DEBUG=1",
					"$(inherited)",
				);
				GCC_WARN_64_TO_32_BIT_CONVERSION = YES;
				GCC_WARN_ABOUT_RETURN_TYPE = YES_ERROR;
				GCC_WARN_UNDECLARED_SELECTOR = YES;
				GCC_WARN_UNINITIALIZED_AUTOS = YES_AGGRESSIVE;
				GCC_WARN_UNUSED_FUNCTION = YES;
				GCC_WARN_UNUSED_VARIABLE = YES;
				IPHONEOS_DEPLOYMENT_TARGET = 13.4;
				MTL_ENABLE_DEBUG_INFO = INCLUDE_SOURCE;
				MTL_FAST_MATH = YES;
				ONLY_ACTIVE_ARCH = YES;
				SDKROOT = iphoneos;
				SWIFT_ACTIVE_COMPILATION_CONDITIONS = DEBUG;
				SWIFT_OPTIMIZATION_LEVEL = "-Onone";
			};
			name = Debug;
		};
		2474EF2224BD9B5300B2A3CE /* Release */ = {
			isa = XCBuildConfiguration;
			buildSettings = {
				ALWAYS_SEARCH_USER_PATHS = NO;
				CLANG_ANALYZER_NONNULL = YES;
				CLANG_ANALYZER_NUMBER_OBJECT_CONVERSION = YES_AGGRESSIVE;
				CLANG_CXX_LANGUAGE_STANDARD = "gnu++14";
				CLANG_CXX_LIBRARY = "libc++";
				CLANG_ENABLE_MODULES = YES;
				CLANG_ENABLE_OBJC_ARC = YES;
				CLANG_ENABLE_OBJC_WEAK = YES;
				CLANG_WARN_BLOCK_CAPTURE_AUTORELEASING = YES;
				CLANG_WARN_BOOL_CONVERSION = YES;
				CLANG_WARN_COMMA = YES;
				CLANG_WARN_CONSTANT_CONVERSION = YES;
				CLANG_WARN_DEPRECATED_OBJC_IMPLEMENTATIONS = YES;
				CLANG_WARN_DIRECT_OBJC_ISA_USAGE = YES_ERROR;
				CLANG_WARN_DOCUMENTATION_COMMENTS = YES;
				CLANG_WARN_EMPTY_BODY = YES;
				CLANG_WARN_ENUM_CONVERSION = YES;
				CLANG_WARN_INFINITE_RECURSION = YES;
				CLANG_WARN_INT_CONVERSION = YES;
				CLANG_WARN_NON_LITERAL_NULL_CONVERSION = YES;
				CLANG_WARN_OBJC_IMPLICIT_RETAIN_SELF = YES;
				CLANG_WARN_OBJC_LITERAL_CONVERSION = YES;
				CLANG_WARN_OBJC_ROOT_CLASS = YES_ERROR;
				CLANG_WARN_RANGE_LOOP_ANALYSIS = YES;
				CLANG_WARN_STRICT_PROTOTYPES = YES;
				CLANG_WARN_SUSPICIOUS_MOVE = YES;
				CLANG_WARN_UNGUARDED_AVAILABILITY = YES_AGGRESSIVE;
				CLANG_WARN_UNREACHABLE_CODE = YES;
				CLANG_WARN__DUPLICATE_METHOD_MATCH = YES;
				COPY_PHASE_STRIP = NO;
				DEBUG_INFORMATION_FORMAT = "dwarf-with-dsym";
				ENABLE_NS_ASSERTIONS = NO;
				ENABLE_STRICT_OBJC_MSGSEND = YES;
				GCC_C_LANGUAGE_STANDARD = gnu11;
				GCC_NO_COMMON_BLOCKS = YES;
				GCC_WARN_64_TO_32_BIT_CONVERSION = YES;
				GCC_WARN_ABOUT_RETURN_TYPE = YES_ERROR;
				GCC_WARN_UNDECLARED_SELECTOR = YES;
				GCC_WARN_UNINITIALIZED_AUTOS = YES_AGGRESSIVE;
				GCC_WARN_UNUSED_FUNCTION = YES;
				GCC_WARN_UNUSED_VARIABLE = YES;
				IPHONEOS_DEPLOYMENT_TARGET = 13.4;
				MTL_ENABLE_DEBUG_INFO = NO;
				MTL_FAST_MATH = YES;
				SDKROOT = iphoneos;
				SWIFT_COMPILATION_MODE = wholemodule;
				SWIFT_OPTIMIZATION_LEVEL = "-O";
				VALIDATE_PRODUCT = YES;
			};
			name = Release;
		};
		2474EF2424BD9B5300B2A3CE /* Debug */ = {
			isa = XCBuildConfiguration;
			buildSettings = {
				ASSETCATALOG_COMPILER_APPICON_NAME = AppIcon;
				CODE_SIGN_STYLE = Automatic;
				INFOPLIST_FILE = SmallGames/Info.plist;
				LD_RUNPATH_SEARCH_PATHS = (
					"$(inherited)",
					"@executable_path/Frameworks",
				);
				PRODUCT_BUNDLE_IDENTIFIER = tab123.SmallGames;
				PRODUCT_NAME = "$(TARGET_NAME)";
				SWIFT_VERSION = 5.0;
				TARGETED_DEVICE_FAMILY = "1,2";
			};
			name = Debug;
		};
		2474EF2524BD9B5300B2A3CE /* Release */ = {
			isa = XCBuildConfiguration;
			buildSettings = {
				ASSETCATALOG_COMPILER_APPICON_NAME = AppIcon;
				CODE_SIGN_STYLE = Automatic;
				DEVELOPMENT_TEAM = "";
				INFOPLIST_FILE = SmallGames/Info.plist;
				LD_RUNPATH_SEARCH_PATHS = (
					"$(inherited)",
					"@executable_path/Frameworks",
				);
				PRODUCT_BUNDLE_IDENTIFIER = tab123.SmallGames;
				PRODUCT_NAME = "$(TARGET_NAME)";
				SWIFT_VERSION = 5.0;
				TARGETED_DEVICE_FAMILY = "1,2";
			};
			name = Release;
		};
/* End XCBuildConfiguration section */

/* Begin XCConfigurationList section */
		2474EF0A24BD9B5100B2A3CE /* Build configuration list for PBXProject "SmallGames" */ = {
			isa = XCConfigurationList;
			buildConfigurations = (
				2474EF2124BD9B5300B2A3CE /* Debug */,
				2474EF2224BD9B5300B2A3CE /* Release */,
			);
			defaultConfigurationIsVisible = 0;
			defaultConfigurationName = Release;
		};
		2474EF2324BD9B5300B2A3CE /* Build configuration list for PBXNativeTarget "SmallGames" */ = {
			isa = XCConfigurationList;
			buildConfigurations = (
				2474EF2424BD9B5300B2A3CE /* Debug */,
				2474EF2524BD9B5300B2A3CE /* Release */,
			);
			defaultConfigurationIsVisible = 0;
			defaultConfigurationName = Release;
		};
/* End XCConfigurationList section */
	};
	rootObject = 2474EF0724BD9B5100B2A3CE /* Project object */;
}
